<?xml version="1.0" encoding="utf-8"?>
<Project ToolsVersion="4.0" xmlns="http://schemas.microsoft.com/developer/msbuild/2003">
  <ItemGroup>
    <Filter Include="Resource Files">
      <UniqueIdentifier>{67DA6AB6-F800-4c08-8B7A-83BB121AAD01}</UniqueIdentifier>
      <Extensions>rc;ico;cur;bmp;dlg;rc2;rct;bin;rgs;gif;jpg;jpeg;jpe;resx;tiff;tif;png;wav;mfcribbon-ms</Extensions>
    </Filter>
    <Filter Include="Components">
      <UniqueIdentifier>{0bb23714-410c-4278-925d-f7ef9f19a25b}</UniqueIdentifier>
    </Filter>
    <Filter Include="Commmands">
      <UniqueIdentifier>{e1683314-983c-42dc-bfae-3e65e13f0e7f}</UniqueIdentifier>
    </Filter>
    <Filter Include="Game Objects">
      <UniqueIdentifier>{2f42686a-37db-42f2-a3d6-64e188b60c62}</UniqueIdentifier>
    </Filter>
    <Filter Include="Scenes">
      <UniqueIdentifier>{6242f50d-3325-4536-8e7b-1ad9e9453e2c}</UniqueIdentifier>
    </Filter>
    <Filter Include="No Category">
      <UniqueIdentifier>{5c545a3d-92cb-4d76-914d-a5ef76fb0916}</UniqueIdentifier>
    </Filter>
  </ItemGroup>
  <ItemGroup>
    <ClCompile Include="KeyboardMove.cpp">
      <Filter>Components</Filter>
    </ClCompile>
    <ClCompile Include="Component.cpp">
      <Filter>Components</Filter>
    </ClCompile>
    <ClCompile Include="ICommand.cpp">
      <Filter>Commmands</Filter>
    </ClCompile>
    <ClCompile Include="SwitchSceneCommand.cpp">
      <Filter>Commmands</Filter>
    </ClCompile>
    <ClCompile Include="PrintCommand.cpp">
      <Filter>Commmands</Filter>
    </ClCompile>
    <ClCompile Include="GameObject.cpp">
      <Filter>Game Objects</Filter>
    </ClCompile>
    <ClCompile Include="Player.cpp">
      <Filter>Game Objects</Filter>
    </ClCompile>
    <ClCompile Include="Button.cpp">
      <Filter>Game Objects</Filter>
    </ClCompile>
    <ClCompile Include="GamePlayScene.cpp">
      <Filter>Scenes</Filter>
    </ClCompile>
    <ClCompile Include="MenuScene.cpp">
      <Filter>Scenes</Filter>
    </ClCompile>
    <ClCompile Include="Scene.cpp">
      <Filter>Scenes</Filter>
    </ClCompile>
    <ClCompile Include="SelectLevelScene.cpp">
      <Filter>Scenes</Filter>
    </ClCompile>
    <ClCompile Include="Config.cpp">
      <Filter>No Category</Filter>
    </ClCompile>
    <ClCompile Include="Game.cpp">
      <Filter>No Category</Filter>
    </ClCompile>
    <ClCompile Include="GameManager.cpp">
      <Filter>No Category</Filter>
    </ClCompile>
    <ClCompile Include="main.cpp">
      <Filter>No Category</Filter>
    </ClCompile>
    <ClCompile Include="GameObjectFactory.cpp" />
    <ClCompile Include="CollideWithBounds.cpp">
      <Filter>Components</Filter>
    </ClCompile>
    <ClCompile Include="Gravity.cpp">
      <Filter>Components</Filter>
    </ClCompile>
    <ClCompile Include="Stat.cpp">
      <Filter>Components</Filter>
    </ClCompile>
    <ClCompile Include="FollowTarget.cpp">
      <Filter>Components</Filter>
    </ClCompile>
    <ClCompile Include="NoOverlapEnemiesOnly.cpp">
      <Filter>Components</Filter>
    </ClCompile>
    <ClCompile Include="DamageOnContact.cpp">
      <Filter>Components</Filter>
    </ClCompile>
    <ClCompile Include="Enemies.cpp">
      <Filter>Game Objects</Filter>
    </ClCompile>
    <ClCompile Include="Bullet.cpp">
      <Filter>Game Objects</Filter>
    </ClCompile>
    <ClCompile Include="FireComponent.cpp">
      <Filter>Components</Filter>
    </ClCompile>
    <ClCompile Include="CollideWithBullet.cpp">
      <Filter>Components</Filter>
    </ClCompile>
    <ClCompile Include="ShooterEnemy.cpp">
      <Filter>Game Objects</Filter>
    </ClCompile>
    <ClCompile Include="ShooterFireComponent.h">
      <Filter>Components</Filter>
    </ClCompile>
    <ClCompile Include="ShooterFireComponent.cpp">
      <Filter>Components</Filter>
    </ClCompile>
    <ClCompile Include="BulletOfEnemy.cpp">
      <Filter>Game Objects</Filter>
    </ClCompile>
    <ClCompile Include="CollideWithEnemyBullet.cpp">
      <Filter>Components</Filter>
    </ClCompile>
  </ItemGroup>
  <ItemGroup>
    <ClInclude Include="Component.h">
      <Filter>Components</Filter>
    </ClInclude>
    <ClInclude Include="KeyboardMove.h">
      <Filter>Components</Filter>
    </ClInclude>
    <ClInclude Include="ICommand.h">
      <Filter>Commmands</Filter>
    </ClInclude>
    <ClInclude Include="PrintCommand.h">
      <Filter>Commmands</Filter>
    </ClInclude>
    <ClInclude Include="SwitchSceneCommand.h">
      <Filter>Commmands</Filter>
    </ClInclude>
    <ClInclude Include="Player.h">
      <Filter>Game Objects</Filter>
    </ClInclude>
    <ClInclude Include="GameObject.h">
      <Filter>Game Objects</Filter>
    </ClInclude>
    <ClInclude Include="Button.h">
      <Filter>Game Objects</Filter>
    </ClInclude>
    <ClInclude Include="Scene.h">
      <Filter>Scenes</Filter>
    </ClInclude>
    <ClInclude Include="SelectLevelScene.h">
      <Filter>Scenes</Filter>
    </ClInclude>
    <ClInclude Include="MenuScene.h">
      <Filter>Scenes</Filter>
    </ClInclude>
    <ClInclude Include="GamePlayScene.h">
      <Filter>Scenes</Filter>
    </ClInclude>
    <ClInclude Include="Config.h">
      <Filter>No Category</Filter>
    </ClInclude>
    <ClInclude Include="Game.h">
      <Filter>No Category</Filter>
    </ClInclude>
    <ClInclude Include="GameManager.h">
      <Filter>No Category</Filter>
    </ClInclude>
    <ClInclude Include="GameObjectFactory.h" />
    <ClInclude Include="CollideWithBounds.h">
      <Filter>Components</Filter>
    </ClInclude>
    <ClInclude Include="Gravity.h">
      <Filter>Components</Filter>
    </ClInclude>
    <ClInclude Include="Stat.h">
      <Filter>Components</Filter>
    </ClInclude>
    <ClInclude Include="FollowTarget.h">
      <Filter>Components</Filter>
    </ClInclude>
    <ClInclude Include="NoOverlapEnemiesOnly.h">
      <Filter>Components</Filter>
    </ClInclude>
    <ClInclude Include="DamageOnContact.h">
      <Filter>Components</Filter>
    </ClInclude>
    <ClInclude Include="Enemies.h">
      <Filter>Game Objects</Filter>
    </ClInclude>
    <ClInclude Include="Bullet.h">
      <Filter>Game Objects</Filter>
    </ClInclude>
    <ClInclude Include="FireComponent.h">
      <Filter>Components</Filter>
    </ClInclude>
    <ClInclude Include="CollideWithBullet.h">
      <Filter>Components</Filter>
    </ClInclude>
    <ClInclude Include="ShooterEnemy.h">
      <Filter>Game Objects</Filter>
    </ClInclude>
    <ClInclude Include="BulletOfEnemy.h">
      <Filter>Game Objects</Filter>
    </ClInclude>
    <ClInclude Include="CollideWithEnemyBullet.h">
      <Filter>Components</Filter>
    </ClInclude>
  </ItemGroup>
</Project>